// !$*UTF8*$!
{
	archiveVersion = 1;
	classes = {
	};
	objectVersion = 56;
	objects = {

/* Begin PBXBuildFile section */
		EC19D366296282A900F9A989 /* MeetingViewHeader.swift in Sources */ = {isa = PBXBuildFile; fileRef = EC19D365296282A900F9A989 /* MeetingViewHeader.swift */; };
		EC2FD9DB29629A8000E362F6 /* ScrumProgressViewStyle.swift in Sources */ = {isa = PBXBuildFile; fileRef = EC2FD9DA29629A8000E362F6 /* ScrumProgressViewStyle.swift */; };
		EC2FD9DF29629AB000E362F6 /* ACKNOWLEDGMENTS.txt in Resources */ = {isa = PBXBuildFile; fileRef = EC2FD9DD29629AB000E362F6 /* ACKNOWLEDGMENTS.txt */; };
		EC2FD9E029629AB000E362F6 /* LICENSE.txt in Resources */ = {isa = PBXBuildFile; fileRef = EC2FD9DE29629AB000E362F6 /* LICENSE.txt */; };
		EC2FD9E229629C1B00E362F6 /* ScrumTimer.swift in Sources */ = {isa = PBXBuildFile; fileRef = EC2FD9E129629C1B00E362F6 /* ScrumTimer.swift */; };
		EC2FD9E829629EB900E362F6 /* MeetingViewFooter.swift in Sources */ = {isa = PBXBuildFile; fileRef = EC2FD9E729629EB900E362F6 /* MeetingViewFooter.swift */; };
		EC2FD9EA2962A55F00E362F6 /* AVPlayer+Ding.swift in Sources */ = {isa = PBXBuildFile; fileRef = EC2FD9E92962A55F00E362F6 /* AVPlayer+Ding.swift */; };
		EC2FD9ED2962A59100E362F6 /* ding.wav in Resources */ = {isa = PBXBuildFile; fileRef = EC2FD9EC2962A59100E362F6 /* ding.wav */; };
		EC2FD9EF2962AC0D00E362F6 /* History.swift in Sources */ = {isa = PBXBuildFile; fileRef = EC2FD9EE2962AC0D00E362F6 /* History.swift */; };
		EC3D03E1296013E50011D26A /* DetailView.swift in Sources */ = {isa = PBXBuildFile; fileRef = EC3D03E0296013E50011D26A /* DetailView.swift */; };
		EC7C7CAF29613969007E4EF1 /* DetailEditView.swift in Sources */ = {isa = PBXBuildFile; fileRef = EC7C7CAE29613969007E4EF1 /* DetailEditView.swift */; };
		EC8CBCB6296149F800F7DD7F /* ThemeView.swift in Sources */ = {isa = PBXBuildFile; fileRef = EC8CBCB5296149F800F7DD7F /* ThemeView.swift */; };
		EC8CBCB829614B8700F7DD7F /* ThemePicker.swift in Sources */ = {isa = PBXBuildFile; fileRef = EC8CBCB729614B8700F7DD7F /* ThemePicker.swift */; };
		ECAB3971295EAA1C00375D31 /* ScrumdingerApp.swift in Sources */ = {isa = PBXBuildFile; fileRef = ECAB3970295EAA1C00375D31 /* ScrumdingerApp.swift */; };
		ECAB3973295EAA1C00375D31 /* MeetingView.swift in Sources */ = {isa = PBXBuildFile; fileRef = ECAB3972295EAA1C00375D31 /* MeetingView.swift */; };
		ECAB3975295EAA2000375D31 /* Assets.xcassets in Resources */ = {isa = PBXBuildFile; fileRef = ECAB3974295EAA2000375D31 /* Assets.xcassets */; };
		ECAB3978295EAA2000375D31 /* Preview Assets.xcassets in Resources */ = {isa = PBXBuildFile; fileRef = ECAB3977295EAA2000375D31 /* Preview Assets.xcassets */; };
		ECAB3980295EB11000375D31 /* Theme.swift in Sources */ = {isa = PBXBuildFile; fileRef = ECAB397F295EB11000375D31 /* Theme.swift */; };
		ECAB3984295EB30A00375D31 /* DailyScrum.swift in Sources */ = {isa = PBXBuildFile; fileRef = ECAB3983295EB30A00375D31 /* DailyScrum.swift */; };
		ECAB3987295EB58400375D31 /* CardView.swift in Sources */ = {isa = PBXBuildFile; fileRef = ECAB3986295EB58400375D31 /* CardView.swift */; };
		ECAB3989295EB78C00375D31 /* TrailingIconLabelStyle.swift in Sources */ = {isa = PBXBuildFile; fileRef = ECAB3988295EB78C00375D31 /* TrailingIconLabelStyle.swift */; };
		ECAB398B295FBE0A00375D31 /* ScrumsView.swift in Sources */ = {isa = PBXBuildFile; fileRef = ECAB398A295FBE0A00375D31 /* ScrumsView.swift */; };
		ECBF2AB92964F1FC00035262 /* SpeechRecognizer.swift in Sources */ = {isa = PBXBuildFile; fileRef = ECBF2AB82964F1FC00035262 /* SpeechRecognizer.swift */; };
		ECBF2ABB2964F93600035262 /* HistoryView.swift in Sources */ = {isa = PBXBuildFile; fileRef = ECBF2ABA2964F93600035262 /* HistoryView.swift */; };
		ECFD4A382963D05D00777258 /* ScrumStore.swift in Sources */ = {isa = PBXBuildFile; fileRef = ECFD4A372963D05D00777258 /* ScrumStore.swift */; };
		ECFD4A3A29649FFC00777258 /* ErrorWrapper.swift in Sources */ = {isa = PBXBuildFile; fileRef = ECFD4A3929649FFB00777258 /* ErrorWrapper.swift */; };
		ECFD4A3C2964A0E700777258 /* ErrorView.swift in Sources */ = {isa = PBXBuildFile; fileRef = ECFD4A3B2964A0E700777258 /* ErrorView.swift */; };
		ECFD4A3E2964ABEC00777258 /* MeetingTimerView.swift in Sources */ = {isa = PBXBuildFile; fileRef = ECFD4A3D2964ABEC00777258 /* MeetingTimerView.swift */; };
		ECFD4A402964AEFD00777258 /* SpeakerArc.swift in Sources */ = {isa = PBXBuildFile; fileRef = ECFD4A3F2964AEFD00777258 /* SpeakerArc.swift */; };
/* End PBXBuildFile section */

/* Begin PBXFileReference section */
		EC19D365296282A900F9A989 /* MeetingViewHeader.swift */ = {isa = PBXFileReference; lastKnownFileType = sourcecode.swift; path = MeetingViewHeader.swift; sourceTree = "<group>"; };
		EC2FD9DA29629A8000E362F6 /* ScrumProgressViewStyle.swift */ = {isa = PBXFileReference; fileEncoding = 4; lastKnownFileType = sourcecode.swift; path = ScrumProgressViewStyle.swift; sourceTree = "<group>"; };
		EC2FD9DD29629AB000E362F6 /* ACKNOWLEDGMENTS.txt */ = {isa = PBXFileReference; fileEncoding = 4; lastKnownFileType = text; path = ACKNOWLEDGMENTS.txt; sourceTree = "<group>"; };
		EC2FD9DE29629AB000E362F6 /* LICENSE.txt */ = {isa = PBXFileReference; fileEncoding = 4; lastKnownFileType = text; path = LICENSE.txt; sourceTree = "<group>"; };
		EC2FD9E129629C1B00E362F6 /* ScrumTimer.swift */ = {isa = PBXFileReference; fileEncoding = 4; lastKnownFileType = sourcecode.swift; path = ScrumTimer.swift; sourceTree = "<group>"; };
		EC2FD9E729629EB900E362F6 /* MeetingViewFooter.swift */ = {isa = PBXFileReference; lastKnownFileType = sourcecode.swift; path = MeetingViewFooter.swift; sourceTree = "<group>"; };
		EC2FD9E92962A55F00E362F6 /* AVPlayer+Ding.swift */ = {isa = PBXFileReference; fileEncoding = 4; lastKnownFileType = sourcecode.swift; path = "AVPlayer+Ding.swift"; sourceTree = "<group>"; };
		EC2FD9EC2962A59100E362F6 /* ding.wav */ = {isa = PBXFileReference; lastKnownFileType = audio.wav; path = ding.wav; sourceTree = "<group>"; };
		EC2FD9EE2962AC0D00E362F6 /* History.swift */ = {isa = PBXFileReference; lastKnownFileType = sourcecode.swift; path = History.swift; sourceTree = "<group>"; };
		EC3D03E0296013E50011D26A /* DetailView.swift */ = {isa = PBXFileReference; lastKnownFileType = sourcecode.swift; path = DetailView.swift; sourceTree = "<group>"; };
		EC7C7CAE29613969007E4EF1 /* DetailEditView.swift */ = {isa = PBXFileReference; lastKnownFileType = sourcecode.swift; path = DetailEditView.swift; sourceTree = "<group>"; };
		EC8CBCB5296149F800F7DD7F /* ThemeView.swift */ = {isa = PBXFileReference; lastKnownFileType = sourcecode.swift; path = ThemeView.swift; sourceTree = "<group>"; };
		EC8CBCB729614B8700F7DD7F /* ThemePicker.swift */ = {isa = PBXFileReference; lastKnownFileType = sourcecode.swift; path = ThemePicker.swift; sourceTree = "<group>"; };
		ECAB396D295EAA1C00375D31 /* Scrumdinger.app */ = {isa = PBXFileReference; explicitFileType = wrapper.application; includeInIndex = 0; path = Scrumdinger.app; sourceTree = BUILT_PRODUCTS_DIR; };
		ECAB3970295EAA1C00375D31 /* ScrumdingerApp.swift */ = {isa = PBXFileReference; lastKnownFileType = sourcecode.swift; path = ScrumdingerApp.swift; sourceTree = "<group>"; };
		ECAB3972295EAA1C00375D31 /* MeetingView.swift */ = {isa = PBXFileReference; lastKnownFileType = sourcecode.swift; path = MeetingView.swift; sourceTree = "<group>"; };
		ECAB3974295EAA2000375D31 /* Assets.xcassets */ = {isa = PBXFileReference; lastKnownFileType = folder.assetcatalog; path = Assets.xcassets; sourceTree = "<group>"; };
		ECAB3977295EAA2000375D31 /* Preview Assets.xcassets */ = {isa = PBXFileReference; lastKnownFileType = folder.assetcatalog; path = "Preview Assets.xcassets"; sourceTree = "<group>"; };
		ECAB397F295EB11000375D31 /* Theme.swift */ = {isa = PBXFileReference; lastKnownFileType = sourcecode.swift; path = Theme.swift; sourceTree = "<group>"; };
		ECAB3983295EB30A00375D31 /* DailyScrum.swift */ = {isa = PBXFileReference; lastKnownFileType = sourcecode.swift; path = DailyScrum.swift; sourceTree = "<group>"; };
		ECAB3986295EB58400375D31 /* CardView.swift */ = {isa = PBXFileReference; lastKnownFileType = sourcecode.swift; path = CardView.swift; sourceTree = "<group>"; };
		ECAB3988295EB78C00375D31 /* TrailingIconLabelStyle.swift */ = {isa = PBXFileReference; lastKnownFileType = sourcecode.swift; path = TrailingIconLabelStyle.swift; sourceTree = "<group>"; };
		ECAB398A295FBE0A00375D31 /* ScrumsView.swift */ = {isa = PBXFileReference; lastKnownFileType = sourcecode.swift; path = ScrumsView.swift; sourceTree = "<group>"; };
		ECBF2AB82964F1FC00035262 /* SpeechRecognizer.swift */ = {isa = PBXFileReference; fileEncoding = 4; lastKnownFileType = sourcecode.swift; path = SpeechRecognizer.swift; sourceTree = "<group>"; };
		ECBF2ABA2964F93600035262 /* HistoryView.swift */ = {isa = PBXFileReference; lastKnownFileType = sourcecode.swift; path = HistoryView.swift; sourceTree = "<group>"; };
		ECFD4A372963D05D00777258 /* ScrumStore.swift */ = {isa = PBXFileReference; lastKnownFileType = sourcecode.swift; path = ScrumStore.swift; sourceTree = "<group>"; };
		ECFD4A3929649FFB00777258 /* ErrorWrapper.swift */ = {isa = PBXFileReference; lastKnownFileType = sourcecode.swift; path = ErrorWrapper.swift; sourceTree = "<group>"; };
		ECFD4A3B2964A0E700777258 /* ErrorView.swift */ = {isa = PBXFileReference; lastKnownFileType = sourcecode.swift; path = ErrorView.swift; sourceTree = "<group>"; };
		ECFD4A3D2964ABEC00777258 /* MeetingTimerView.swift */ = {isa = PBXFileReference; lastKnownFileType = sourcecode.swift; path = MeetingTimerView.swift; sourceTree = "<group>"; };
		ECFD4A3F2964AEFD00777258 /* SpeakerArc.swift */ = {isa = PBXFileReference; lastKnownFileType = sourcecode.swift; path = SpeakerArc.swift; sourceTree = "<group>"; };
/* End PBXFileReference section */

/* Begin PBXFrameworksBuildPhase section */
		ECAB396A295EAA1C00375D31 /* Frameworks */ = {
			isa = PBXFrameworksBuildPhase;
			buildActionMask = 2147483647;
			files = (
			);
			runOnlyForDeploymentPostprocessing = 0;
		};
/* End PBXFrameworksBuildPhase section */

/* Begin PBXGroup section */
		EC2FD9DC29629AB000E362F6 /* LICENSE */ = {
			isa = PBXGroup;
			children = (
				EC2FD9DD29629AB000E362F6 /* ACKNOWLEDGMENTS.txt */,
				EC2FD9DE29629AB000E362F6 /* LICENSE.txt */,
			);
			path = LICENSE;
			sourceTree = "<group>";
		};
		EC2FD9E429629C3300E362F6 /* Meeting */ = {
			isa = PBXGroup;
			children = (
				ECAB3972295EAA1C00375D31 /* MeetingView.swift */,
				EC19D365296282A900F9A989 /* MeetingViewHeader.swift */,
				EC2FD9E729629EB900E362F6 /* MeetingViewFooter.swift */,
				ECFD4A3D2964ABEC00777258 /* MeetingTimerView.swift */,
			);
			path = Meeting;
			sourceTree = "<group>";
		};
		EC2FD9E529629C4000E362F6 /* Detail */ = {
			isa = PBXGroup;
			children = (
				EC3D03E0296013E50011D26A /* DetailView.swift */,
				EC7C7CAE29613969007E4EF1 /* DetailEditView.swift */,
				EC2FD9E629629C4A00E362F6 /* Theme */,
			);
			path = Detail;
			sourceTree = "<group>";
		};
		EC2FD9E629629C4A00E362F6 /* Theme */ = {
			isa = PBXGroup;
			children = (
				EC8CBCB729614B8700F7DD7F /* ThemePicker.swift */,
				EC8CBCB5296149F800F7DD7F /* ThemeView.swift */,
			);
			path = Theme;
			sourceTree = "<group>";
		};
		EC2FD9EB2962A59100E362F6 /* Resources */ = {
			isa = PBXGroup;
			children = (
				EC2FD9EC2962A59100E362F6 /* ding.wav */,
			);
			path = Resources;
			sourceTree = "<group>";
		};
		ECAB3964295EAA1C00375D31 = {
			isa = PBXGroup;
			children = (
				ECAB396F295EAA1C00375D31 /* Scrumdinger */,
				ECAB396E295EAA1C00375D31 /* Products */,
			);
			sourceTree = "<group>";
		};
		ECAB396E295EAA1C00375D31 /* Products */ = {
			isa = PBXGroup;
			children = (
				ECAB396D295EAA1C00375D31 /* Scrumdinger.app */,
			);
			name = Products;
			sourceTree = "<group>";
		};
		ECAB396F295EAA1C00375D31 /* Scrumdinger */ = {
			isa = PBXGroup;
			children = (
				ECAB3970295EAA1C00375D31 /* ScrumdingerApp.swift */,
				ECAB397E295EB0FD00375D31 /* Models */,
				ECAB3985295EB57700375D31 /* Views */,
				ECAB3988295EB78C00375D31 /* TrailingIconLabelStyle.swift */,
				EC2FD9DA29629A8000E362F6 /* ScrumProgressViewStyle.swift */,
				ECFD4A3F2964AEFD00777258 /* SpeakerArc.swift */,
				ECAB3974295EAA2000375D31 /* Assets.xcassets */,
				ECAB3976295EAA2000375D31 /* Preview Content */,
				EC2FD9EB2962A59100E362F6 /* Resources */,
				EC2FD9DC29629AB000E362F6 /* LICENSE */,
			);
			path = Scrumdinger;
			sourceTree = "<group>";
		};
		ECAB3976295EAA2000375D31 /* Preview Content */ = {
			isa = PBXGroup;
			children = (
				ECAB3977295EAA2000375D31 /* Preview Assets.xcassets */,
			);
			path = "Preview Content";
			sourceTree = "<group>";
		};
		ECAB397E295EB0FD00375D31 /* Models */ = {
			isa = PBXGroup;
			children = (
				ECAB397F295EB11000375D31 /* Theme.swift */,
				ECAB3983295EB30A00375D31 /* DailyScrum.swift */,
				EC2FD9E129629C1B00E362F6 /* ScrumTimer.swift */,
				EC2FD9E92962A55F00E362F6 /* AVPlayer+Ding.swift */,
				EC2FD9EE2962AC0D00E362F6 /* History.swift */,
				ECFD4A372963D05D00777258 /* ScrumStore.swift */,
				ECFD4A3929649FFB00777258 /* ErrorWrapper.swift */,
				ECBF2AB82964F1FC00035262 /* SpeechRecognizer.swift */,
			);
			path = Models;
			sourceTree = "<group>";
		};
		ECAB3985295EB57700375D31 /* Views */ = {
			isa = PBXGroup;
			children = (
				ECAB398A295FBE0A00375D31 /* ScrumsView.swift */,
				ECAB3986295EB58400375D31 /* CardView.swift */,
				EC2FD9E429629C3300E362F6 /* Meeting */,
				EC2FD9E529629C4000E362F6 /* Detail */,
				ECFD4A3B2964A0E700777258 /* ErrorView.swift */,
				ECBF2ABA2964F93600035262 /* HistoryView.swift */,
			);
			path = Views;
			sourceTree = "<group>";
		};
/* End PBXGroup section */

/* Begin PBXNativeTarget section */
		ECAB396C295EAA1C00375D31 /* Scrumdinger */ = {
			isa = PBXNativeTarget;
			buildConfigurationList = ECAB397B295EAA2000375D31 /* Build configuration list for PBXNativeTarget "Scrumdinger" */;
			buildPhases = (
				ECAB3969295EAA1C00375D31 /* Sources */,
				ECAB396A295EAA1C00375D31 /* Frameworks */,
				ECAB396B295EAA1C00375D31 /* Resources */,
			);
			buildRules = (
			);
			dependencies = (
			);
			name = Scrumdinger;
			productName = Scrumdinger;
			productReference = ECAB396D295EAA1C00375D31 /* Scrumdinger.app */;
			productType = "com.apple.product-type.application";
		};
/* End PBXNativeTarget section */

/* Begin PBXProject section */
		ECAB3965295EAA1C00375D31 /* Project object */ = {
			isa = PBXProject;
			attributes = {
				BuildIndependentTargetsInParallel = 1;
				LastSwiftUpdateCheck = 1410;
				LastUpgradeCheck = 1410;
				TargetAttributes = {
					ECAB396C295EAA1C00375D31 = {
						CreatedOnToolsVersion = 14.1;
					};
				};
			};
			buildConfigurationList = ECAB3968295EAA1C00375D31 /* Build configuration list for PBXProject "Scrumdinger" */;
			compatibilityVersion = "Xcode 14.0";
			developmentRegion = en;
			hasScannedForEncodings = 0;
			knownRegions = (
				en,
				Base,
			);
			mainGroup = ECAB3964295EAA1C00375D31;
			productRefGroup = ECAB396E295EAA1C00375D31 /* Products */;
			projectDirPath = "";
			projectRoot = "";
			targets = (
				ECAB396C295EAA1C00375D31 /* Scrumdinger */,
			);
		};
/* End PBXProject section */

/* Begin PBXResourcesBuildPhase section */
		ECAB396B295EAA1C00375D31 /* Resources */ = {
			isa = PBXResourcesBuildPhase;
			buildActionMask = 2147483647;
			files = (
				EC2FD9ED2962A59100E362F6 /* ding.wav in Resources */,
				EC2FD9E029629AB000E362F6 /* LICENSE.txt in Resources */,
				ECAB3978295EAA2000375D31 /* Preview Assets.xcassets in Resources */,
				ECAB3975295EAA2000375D31 /* Assets.xcassets in Resources */,
				EC2FD9DF29629AB000E362F6 /* ACKNOWLEDGMENTS.txt in Resources */,
			);
			runOnlyForDeploymentPostprocessing = 0;
		};
/* End PBXResourcesBuildPhase section */

/* Begin PBXSourcesBuildPhase section */
		ECAB3969295EAA1C00375D31 /* Sources */ = {
			isa = PBXSourcesBuildPhase;
			buildActionMask = 2147483647;
			files = (
				EC2FD9EF2962AC0D00E362F6 /* History.swift in Sources */,
				ECBF2ABB2964F93600035262 /* HistoryView.swift in Sources */,
				EC8CBCB829614B8700F7DD7F /* ThemePicker.swift in Sources */,
				EC2FD9DB29629A8000E362F6 /* ScrumProgressViewStyle.swift in Sources */,
				EC2FD9E229629C1B00E362F6 /* ScrumTimer.swift in Sources */,
				ECFD4A382963D05D00777258 /* ScrumStore.swift in Sources */,
				ECAB3984295EB30A00375D31 /* DailyScrum.swift in Sources */,
				EC3D03E1296013E50011D26A /* DetailView.swift in Sources */,
				EC19D366296282A900F9A989 /* MeetingViewHeader.swift in Sources */,
				EC7C7CAF29613969007E4EF1 /* DetailEditView.swift in Sources */,
				ECFD4A3E2964ABEC00777258 /* MeetingTimerView.swift in Sources */,
				ECAB3989295EB78C00375D31 /* TrailingIconLabelStyle.swift in Sources */,
				ECFD4A3A29649FFC00777258 /* ErrorWrapper.swift in Sources */,
				EC2FD9E829629EB900E362F6 /* MeetingViewFooter.swift in Sources */,
				ECAB3980295EB11000375D31 /* Theme.swift in Sources */,
				ECAB398B295FBE0A00375D31 /* ScrumsView.swift in Sources */,
				ECAB3973295EAA1C00375D31 /* MeetingView.swift in Sources */,
				ECBF2AB92964F1FC00035262 /* SpeechRecognizer.swift in Sources */,
				ECFD4A3C2964A0E700777258 /* ErrorView.swift in Sources */,
				ECAB3971295EAA1C00375D31 /* ScrumdingerApp.swift in Sources */,
				EC8CBCB6296149F800F7DD7F /* ThemeView.swift in Sources */,
				ECAB3987295EB58400375D31 /* CardView.swift in Sources */,
				ECFD4A402964AEFD00777258 /* SpeakerArc.swift in Sources */,
				EC2FD9EA2962A55F00E362F6 /* AVPlayer+Ding.swift in Sources */,
			);
			runOnlyForDeploymentPostprocessing = 0;
		};
/* End PBXSourcesBuildPhase section */

/* Begin XCBuildConfiguration section */
		ECAB3979295EAA2000375D31 /* Debug */ = {
			isa = XCBuildConfiguration;
			buildSettings = {
				ALWAYS_SEARCH_USER_PATHS = NO;
				CLANG_ANALYZER_NONNULL = YES;
				CLANG_ANALYZER_NUMBER_OBJECT_CONVERSION = YES_AGGRESSIVE;
				CLANG_CXX_LANGUAGE_STANDARD = "gnu++20";
				CLANG_ENABLE_MODULES = YES;
				CLANG_ENABLE_OBJC_ARC = YES;
				CLANG_ENABLE_OBJC_WEAK = YES;
				CLANG_WARN_BLOCK_CAPTURE_AUTORELEASING = YES;
				CLANG_WARN_BOOL_CONVERSION = YES;
				CLANG_WARN_COMMA = YES;
				CLANG_WARN_CONSTANT_CONVERSION = YES;
				CLANG_WARN_DEPRECATED_OBJC_IMPLEMENTATIONS = YES;
				CLANG_WARN_DIRECT_OBJC_ISA_USAGE = YES_ERROR;
				CLANG_WARN_DOCUMENTATION_COMMENTS = YES;
				CLANG_WARN_EMPTY_BODY = YES;
				CLANG_WARN_ENUM_CONVERSION = YES;
				CLANG_WARN_INFINITE_RECURSION = YES;
				CLANG_WARN_INT_CONVERSION = YES;
				CLANG_WARN_NON_LITERAL_NULL_CONVERSION = YES;
				CLANG_WARN_OBJC_IMPLICIT_RETAIN_SELF = YES;
				CLANG_WARN_OBJC_LITERAL_CONVERSION = YES;
				CLANG_WARN_OBJC_ROOT_CLASS = YES_ERROR;
				CLANG_WARN_QUOTED_INCLUDE_IN_FRAMEWORK_HEADER = YES;
				CLANG_WARN_RANGE_LOOP_ANALYSIS = YES;
				CLANG_WARN_STRICT_PROTOTYPES = YES;
				CLANG_WARN_SUSPICIOUS_MOVE = YES;
				CLANG_WARN_UNGUARDED_AVAILABILITY = YES_AGGRESSIVE;
				CLANG_WARN_UNREACHABLE_CODE = YES;
				CLANG_WARN__DUPLICATE_METHOD_MATCH = YES;
				COPY_PHASE_STRIP = NO;
				DEBUG_INFORMATION_FORMAT = dwarf;
				ENABLE_STRICT_OBJC_MSGSEND = YES;
				ENABLE_TESTABILITY = YES;
				GCC_C_LANGUAGE_STANDARD = gnu11;
				GCC_DYNAMIC_NO_PIC = NO;
				GCC_NO_COMMON_BLOCKS = YES;
				GCC_OPTIMIZATION_LEVEL = 0;
				GCC_PREPROCESSOR_DEFINITIONS = (
					"DEBUG=1",
					"$(inherited)",
				);
				GCC_WARN_64_TO_32_BIT_CONVERSION = YES;
				GCC_WARN_ABOUT_RETURN_TYPE = YES_ERROR;
				GCC_WARN_UNDECLARED_SELECTOR = YES;
				GCC_WARN_UNINITIALIZED_AUTOS = YES_AGGRESSIVE;
				GCC_WARN_UNUSED_FUNCTION = YES;
				GCC_WARN_UNUSED_VARIABLE = YES;
				IPHONEOS_DEPLOYMENT_TARGET = 16.1;
				MTL_ENABLE_DEBUG_INFO = INCLUDE_SOURCE;
				MTL_FAST_MATH = YES;
				ONLY_ACTIVE_ARCH = YES;
				SDKROOT = iphoneos;
				SWIFT_ACTIVE_COMPILATION_CONDITIONS = DEBUG;
				SWIFT_OPTIMIZATION_LEVEL = "-Onone";
			};
			name = Debug;
		};
		ECAB397A295EAA2000375D31 /* Release */ = {
			isa = XCBuildConfiguration;
			buildSettings = {
				ALWAYS_SEARCH_USER_PATHS = NO;
				CLANG_ANALYZER_NONNULL = YES;
				CLANG_ANALYZER_NUMBER_OBJECT_CONVERSION = YES_AGGRESSIVE;
				CLANG_CXX_LANGUAGE_STANDARD = "gnu++20";
				CLANG_ENABLE_MODULES = YES;
				CLANG_ENABLE_OBJC_ARC = YES;
				CLANG_ENABLE_OBJC_WEAK = YES;
				CLANG_WARN_BLOCK_CAPTURE_AUTORELEASING = YES;
				CLANG_WARN_BOOL_CONVERSION = YES;
				CLANG_WARN_COMMA = YES;
				CLANG_WARN_CONSTANT_CONVERSION = YES;
				CLANG_WARN_DEPRECATED_OBJC_IMPLEMENTATIONS = YES;
				CLANG_WARN_DIRECT_OBJC_ISA_USAGE = YES_ERROR;
				CLANG_WARN_DOCUMENTATION_COMMENTS = YES;
				CLANG_WARN_EMPTY_BODY = YES;
				CLANG_WARN_ENUM_CONVERSION = YES;
				CLANG_WARN_INFINITE_RECURSION = YES;
				CLANG_WARN_INT_CONVERSION = YES;
				CLANG_WARN_NON_LITERAL_NULL_CONVERSION = YES;
				CLANG_WARN_OBJC_IMPLICIT_RETAIN_SELF = YES;
				CLANG_WARN_OBJC_LITERAL_CONVERSION = YES;
				CLANG_WARN_OBJC_ROOT_CLASS = YES_ERROR;
				CLANG_WARN_QUOTED_INCLUDE_IN_FRAMEWORK_HEADER = YES;
				CLANG_WARN_RANGE_LOOP_ANALYSIS = YES;
				CLANG_WARN_STRICT_PROTOTYPES = YES;
				CLANG_WARN_SUSPICIOUS_MOVE = YES;
				CLANG_WARN_UNGUARDED_AVAILABILITY = YES_AGGRESSIVE;
				CLANG_WARN_UNREACHABLE_CODE = YES;
				CLANG_WARN__DUPLICATE_METHOD_MATCH = YES;
				COPY_PHASE_STRIP = NO;
				DEBUG_INFORMATION_FORMAT = "dwarf-with-dsym";
				ENABLE_NS_ASSERTIONS = NO;
				ENABLE_STRICT_OBJC_MSGSEND = YES;
				GCC_C_LANGUAGE_STANDARD = gnu11;
				GCC_NO_COMMON_BLOCKS = YES;
				GCC_WARN_64_TO_32_BIT_CONVERSION = YES;
				GCC_WARN_ABOUT_RETURN_TYPE = YES_ERROR;
				GCC_WARN_UNDECLARED_SELECTOR = YES;
				GCC_WARN_UNINITIALIZED_AUTOS = YES_AGGRESSIVE;
				GCC_WARN_UNUSED_FUNCTION = YES;
				GCC_WARN_UNUSED_VARIABLE = YES;
				IPHONEOS_DEPLOYMENT_TARGET = 16.1;
				MTL_ENABLE_DEBUG_INFO = NO;
				MTL_FAST_MATH = YES;
				SDKROOT = iphoneos;
				SWIFT_COMPILATION_MODE = wholemodule;
				SWIFT_OPTIMIZATION_LEVEL = "-O";
				VALIDATE_PRODUCT = YES;
			};
			name = Release;
		};
		ECAB397C295EAA2000375D31 /* Debug */ = {
			isa = XCBuildConfiguration;
			buildSettings = {
				ASSETCATALOG_COMPILER_APPICON_NAME = AppIcon;
				ASSETCATALOG_COMPILER_GLOBAL_ACCENT_COLOR_NAME = AccentColor;
				CODE_SIGN_STYLE = Automatic;
				CURRENT_PROJECT_VERSION = 1;
				DEVELOPMENT_ASSET_PATHS = "\"Scrumdinger/Preview Content\"";
				DEVELOPMENT_TEAM = A485CBPX55;
				ENABLE_PREVIEWS = YES;
				GENERATE_INFOPLIST_FILE = YES;
				INFOPLIST_KEY_NSMicrophoneUsageDescription = "Audio is recorded to transcribe this meeting. Audio recordings are discarded after transcription.";
				INFOPLIST_KEY_NSSpeechRecognitionUsageDescription = "You can view a text transcriptiong of your meeting in the app.";
				INFOPLIST_KEY_UIApplicationSceneManifest_Generation = YES;
				INFOPLIST_KEY_UIApplicationSupportsIndirectInputEvents = YES;
				INFOPLIST_KEY_UILaunchScreen_Generation = YES;
				INFOPLIST_KEY_UISupportedInterfaceOrientations_iPad = "UIInterfaceOrientationPortrait UIInterfaceOrientationPortraitUpsideDown UIInterfaceOrientationLandscapeLeft UIInterfaceOrientationLandscapeRight";
				INFOPLIST_KEY_UISupportedInterfaceOrientations_iPhone = "UIInterfaceOrientationPortrait UIInterfaceOrientationLandscapeLeft UIInterfaceOrientationLandscapeRight";
				LD_RUNPATH_SEARCH_PATHS = (
					"$(inherited)",
					"@executable_path/Frameworks",
				);
				MARKETING_VERSION = 1.0;
				PRODUCT_BUNDLE_IDENTIFIER = com.HuyBui.Scrumdinger;
				PRODUCT_NAME = "$(TARGET_NAME)";
				SWIFT_EMIT_LOC_STRINGS = YES;
				SWIFT_VERSION = 5.0;
				TARGETED_DEVICE_FAMILY = "1,2";
			};
			name = Debug;
		};
		ECAB397D295EAA2000375D31 /* Release */ = {
			isa = XCBuildConfiguration;
			buildSettings = {
				ASSETCATALOG_COMPILER_APPICON_NAME = AppIcon;
				ASSETCATALOG_COMPILER_GLOBAL_ACCENT_COLOR_NAME = AccentColor;
				CODE_SIGN_STYLE = Automatic;
				CURRENT_PROJECT_VERSION = 1;
				DEVELOPMENT_ASSET_PATHS = "\"Scrumdinger/Preview Content\"";
				DEVELOPMENT_TEAM = A485CBPX55;
				ENABLE_PREVIEWS = YES;
				GENERATE_INFOPLIST_FILE = YES;
				INFOPLIST_KEY_NSMicrophoneUsageDescription = "Audio is recorded to transcribe this meeting. Audio recordings are discarded after transcription.";
				INFOPLIST_KEY_NSSpeechRecognitionUsageDescription = "You can view a text transcriptiong of your meeting in the app.";
				INFOPLIST_KEY_UIApplicationSceneManifest_Generation = YES;
				INFOPLIST_KEY_UIApplicationSupportsIndirectInputEvents = YES;
				INFOPLIST_KEY_UILaunchScreen_Generation = YES;
				INFOPLIST_KEY_UISupportedInterfaceOrientations_iPad = "UIInterfaceOrientationPortrait UIInterfaceOrientationPortraitUpsideDown UIInterfaceOrientationLandscapeLeft UIInterfaceOrientationLandscapeRight";
				INFOPLIST_KEY_UISupportedInterfaceOrientations_iPhone = "UIInterfaceOrientationPortrait UIInterfaceOrientationLandscapeLeft UIInterfaceOrientationLandscapeRight";
				LD_RUNPATH_SEARCH_PATHS = (
					"$(inherited)",
					"@executable_path/Frameworks",
				);
				MARKETING_VERSION = 1.0;
				PRODUCT_BUNDLE_IDENTIFIER = com.HuyBui.Scrumdinger;
				PRODUCT_NAME = "$(TARGET_NAME)";
				SWIFT_EMIT_LOC_STRINGS = YES;
				SWIFT_VERSION = 5.0;
				TARGETED_DEVICE_FAMILY = "1,2";
			};
			name = Release;
		};
/* End XCBuildConfiguration section */

/* Begin XCConfigurationList section */
		ECAB3968295EAA1C00375D31 /* Build configuration list for PBXProject "Scrumdinger" */ = {
			isa = XCConfigurationList;
			buildConfigurations = (
				ECAB3979295EAA2000375D31 /* Debug */,
				ECAB397A295EAA2000375D31 /* Release */,
			);
			defaultConfigurationIsVisible = 0;
			defaultConfigurationName = Release;
		};
		ECAB397B295EAA2000375D31 /* Build configuration list for PBXNativeTarget "Scrumdinger" */ = {
			isa = XCConfigurationList;
			buildConfigurations = (
				ECAB397C295EAA2000375D31 /* Debug */,
				ECAB397D295EAA2000375D31 /* Release */,
			);
			defaultConfigurationIsVisible = 0;
			defaultConfigurationName = Release;
		};
/* End XCConfigurationList section */
	};
	rootObject = ECAB3965295EAA1C00375D31 /* Project object */;
}
